// !$*UTF8*$!
{
	archiveVersion = 1;
	classes = {
	};
	objectVersion = 56;
	objects = {

/* Begin PBXBuildFile section */
		22CDB98F2AD7C9F400F22ADA /* GSText.swift in Sources */ = {isa = PBXBuildFile; fileRef = 22CDB98E2AD7C9F400F22ADA /* GSText.swift */; };
		681C742D2AE1611200651D3E /* .swiftlint.yml in Resources */ = {isa = PBXBuildFile; fileRef = 681C742C2AE1611200651D3E /* .swiftlint.yml */; };
		6E15595A2ACEFFCA003972BD /* GSButton.swift in Sources */ = {isa = PBXBuildFile; fileRef = 6E1559592ACEFFCA003972BD /* GSButton.swift */; };
		6E2AAEA42B5106BE00CBEAC7 /* GSModel.swift in Sources */ = {isa = PBXBuildFile; fileRef = 6E2AAEA32B5106BE00CBEAC7 /* GSModel.swift */; };
		6E61F9332AD81A48001C7FF3 /* GSCanvas.swift in Sources */ = {isa = PBXBuildFile; fileRef = 6E61F9322AD81A48001C7FF3 /* GSCanvas.swift */; };
		6E61F9352AD81CC6001C7FF3 /* Color+.swift in Sources */ = {isa = PBXBuildFile; fileRef = 6E61F9342AD81CC6001C7FF3 /* Color+.swift */; };
		6E652F452AD821B1008F8151 /* Constant.swift in Sources */ = {isa = PBXBuildFile; fileRef = 6E652F442AD821B1008F8151 /* Constant.swift */; };
		6E7E3BF52AD35A7700152EAE /* FirebaseFirestore in Frameworks */ = {isa = PBXBuildFile; productRef = 6E7E3BF42AD35A7700152EAE /* FirebaseFirestore */; };
		6E7E3BF72AD35A7700152EAE /* FirebaseFirestoreSwift in Frameworks */ = {isa = PBXBuildFile; productRef = 6E7E3BF62AD35A7700152EAE /* FirebaseFirestoreSwift */; };
		6E7E3BF92AD35A7700152EAE /* FirebaseMessaging in Frameworks */ = {isa = PBXBuildFile; productRef = 6E7E3BF82AD35A7700152EAE /* FirebaseMessaging */; };
		6EF1F48F2B57CE4600CD247D /* UserInfo.swift in Sources */ = {isa = PBXBuildFile; fileRef = 6EF1F4872B57CE4500CD247D /* UserInfo.swift */; };
		6EF1F4902B57CE4600CD247D /* Report.swift in Sources */ = {isa = PBXBuildFile; fileRef = 6EF1F4882B57CE4500CD247D /* Report.swift */; };
		6EF1F4912B57CE4600CD247D /* Message.swift in Sources */ = {isa = PBXBuildFile; fileRef = 6EF1F4892B57CE4500CD247D /* Message.swift */; };
		6EF1F4922B57CE4600CD247D /* Chat.swift in Sources */ = {isa = PBXBuildFile; fileRef = 6EF1F48A2B57CE4500CD247D /* Chat.swift */; };
		6EF1F4932B57CE4600CD247D /* Repository.swift in Sources */ = {isa = PBXBuildFile; fileRef = 6EF1F48B2B57CE4500CD247D /* Repository.swift */; };
		6EF1F4952B57CE4600CD247D /* Knock.swift in Sources */ = {isa = PBXBuildFile; fileRef = 6EF1F48D2B57CE4600CD247D /* Knock.swift */; };
		6EF1F4962B57CE4600CD247D /* Tag.swift in Sources */ = {isa = PBXBuildFile; fileRef = 6EF1F48E2B57CE4600CD247D /* Tag.swift */; };
		6EF1F4992B57CF0100CD247D /* FirebaseFirestore in Frameworks */ = {isa = PBXBuildFile; productRef = 6EF1F4982B57CF0100CD247D /* FirebaseFirestore */; };
		6EF1F49B2B57CF0100CD247D /* FirebaseFirestoreSwift in Frameworks */ = {isa = PBXBuildFile; productRef = 6EF1F49A2B57CF0100CD247D /* FirebaseFirestoreSwift */; };
		6EF1F4A72B57D0CD00CD247D /* FollowingResponse.swift in Sources */ = {isa = PBXBuildFile; fileRef = 6EF1F49E2B57D0CD00CD247D /* FollowingResponse.swift */; };
		6EF1F4A82B57D0CD00CD247D /* Event.swift in Sources */ = {isa = PBXBuildFile; fileRef = 6EF1F49F2B57D0CD00CD247D /* Event.swift */; };
		6EF1F4A92B57D0CD00CD247D /* ContributorProfile.swift in Sources */ = {isa = PBXBuildFile; fileRef = 6EF1F4A02B57D0CD00CD247D /* ContributorProfile.swift */; };
		6EF1F4AA2B57D0CD00CD247D /* GithubUser.swift in Sources */ = {isa = PBXBuildFile; fileRef = 6EF1F4A12B57D0CD00CD247D /* GithubUser.swift */; };
		6EF1F4AB2B57D0CD00CD247D /* Owner.swift in Sources */ = {isa = PBXBuildFile; fileRef = 6EF1F4A22B57D0CD00CD247D /* Owner.swift */; };
		6EF1F4AC2B57D0CD00CD247D /* FollowerResponse.swift in Sources */ = {isa = PBXBuildFile; fileRef = 6EF1F4A32B57D0CD00CD247D /* FollowerResponse.swift */; };
		6EF1F4AD2B57D0CD00CD247D /* UserResponse.swift in Sources */ = {isa = PBXBuildFile; fileRef = 6EF1F4A42B57D0CD00CD247D /* UserResponse.swift */; };
		6EF1F4AE2B57D0CD00CD247D /* AppInfo.swift in Sources */ = {isa = PBXBuildFile; fileRef = 6EF1F4A52B57D0CD00CD247D /* AppInfo.swift */; };
		6EF1F4AF2B57D0CD00CD247D /* RepositoryResponse.swift in Sources */ = {isa = PBXBuildFile; fileRef = 6EF1F4A62B57D0CD00CD247D /* RepositoryResponse.swift */; };
		6EF1F4B22B57D34D00CD247D /* FirestoreSchema.swift in Sources */ = {isa = PBXBuildFile; fileRef = 6EF1F4B12B57D34D00CD247D /* FirestoreSchema.swift */; };
		6EF1F4B42B57D42A00CD247D /* FirestoreFieldProtocol.swift in Sources */ = {isa = PBXBuildFile; fileRef = 6EF1F4B32B57D42A00CD247D /* FirestoreFieldProtocol.swift */; };
		6EF1F4B62B57D46700CD247D /* FirestoreCollection.swift in Sources */ = {isa = PBXBuildFile; fileRef = 6EF1F4B52B57D46700CD247D /* FirestoreCollection.swift */; };
		6EF1F4B82B57D8A500CD247D /* FirestoreField.swift in Sources */ = {isa = PBXBuildFile; fileRef = 6EF1F4B72B57D8A500CD247D /* FirestoreField.swift */; };
		6EF1F4BA2B57EA7F00CD247D /* FirestoreService.swift in Sources */ = {isa = PBXBuildFile; fileRef = 6EF1F4B92B57EA7F00CD247D /* FirestoreService.swift */; };
		6EF1F4BC2B57EACB00CD247D /* FirestoreQueryOperation.swift in Sources */ = {isa = PBXBuildFile; fileRef = 6EF1F4BB2B57EACB00CD247D /* FirestoreQueryOperation.swift */; };
		6EF1F4BE2B57EC4600CD247D /* FirestoreError.swift in Sources */ = {isa = PBXBuildFile; fileRef = 6EF1F4BD2B57EC4600CD247D /* FirestoreError.swift */; };
		6EF1F4C02B57ED0D00CD247D /* FirebaseFirestore in Frameworks */ = {isa = PBXBuildFile; productRef = 6EF1F4BF2B57ED0D00CD247D /* FirebaseFirestore */; };
		6EF1F4C22B57ED0D00CD247D /* FirebaseFirestoreSwift in Frameworks */ = {isa = PBXBuildFile; productRef = 6EF1F4C12B57ED0D00CD247D /* FirebaseFirestoreSwift */; };
		6EF1F4C42B57F00A00CD247D /* LiveFirestoreService.swift in Sources */ = {isa = PBXBuildFile; fileRef = 6EF1F4C32B57F00A00CD247D /* LiveFirestoreService.swift */; };
		6EF1F4C72B57F0DD00CD247D /* GSModelError.swift in Sources */ = {isa = PBXBuildFile; fileRef = 6EF1F4C62B57F0DD00CD247D /* GSModelError.swift */; };
		6EF1F4CA2B57F12C00CD247D /* GSError.swift in Sources */ = {isa = PBXBuildFile; fileRef = 6EF1F4C92B57F12C00CD247D /* GSError.swift */; };
		7E65A94F2ACEEA3200C9BEA3 /* GitSpaceApp.swift in Sources */ = {isa = PBXBuildFile; fileRef = 7E65A94E2ACEEA3200C9BEA3 /* GitSpaceApp.swift */; };
		7E65A9512ACEEA3200C9BEA3 /* ContentView.swift in Sources */ = {isa = PBXBuildFile; fileRef = 7E65A9502ACEEA3200C9BEA3 /* ContentView.swift */; };
		7E65A9532ACEEA3300C9BEA3 /* Assets.xcassets in Resources */ = {isa = PBXBuildFile; fileRef = 7E65A9522ACEEA3300C9BEA3 /* Assets.xcassets */; };
		7E65A9562ACEEA3300C9BEA3 /* Preview Assets.xcassets in Resources */ = {isa = PBXBuildFile; fileRef = 7E65A9552ACEEA3300C9BEA3 /* Preview Assets.xcassets */; };
		7E65A95E2ACEEA5E00C9BEA3 /* ComposableArchitecture in Frameworks */ = {isa = PBXBuildFile; productRef = 7E65A95D2ACEEA5E00C9BEA3 /* ComposableArchitecture */; };
		7E65A96E2ACEEB7600C9BEA3 /* GitSpace_Utilities.h in Headers */ = {isa = PBXBuildFile; fileRef = 7E65A96D2ACEEB7600C9BEA3 /* GitSpace_Utilities.h */; settings = {ATTRIBUTES = (Public, ); }; };
		7E65A9712ACEEB7600C9BEA3 /* GSUtilities.framework in Frameworks */ = {isa = PBXBuildFile; fileRef = 7E65A96B2ACEEB7600C9BEA3 /* GSUtilities.framework */; };
		7E65A9722ACEEB7600C9BEA3 /* GSUtilities.framework in Embed Frameworks */ = {isa = PBXBuildFile; fileRef = 7E65A96B2ACEEB7600C9BEA3 /* GSUtilities.framework */; settings = {ATTRIBUTES = (CodeSignOnCopy, RemoveHeadersOnCopy, ); }; };
		7E65A9792ACEEBBF00C9BEA3 /* String+.swift in Sources */ = {isa = PBXBuildFile; fileRef = 7E65A9782ACEEBBF00C9BEA3 /* String+.swift */; };
		7E65A9822ACEECC000C9BEA3 /* GSDesignSystem.h in Headers */ = {isa = PBXBuildFile; fileRef = 7E65A9812ACEECC000C9BEA3 /* GSDesignSystem.h */; settings = {ATTRIBUTES = (Public, ); }; };
		7E65A9852ACEECC000C9BEA3 /* GSDesignSystem.framework in Frameworks */ = {isa = PBXBuildFile; fileRef = 7E65A97F2ACEECC000C9BEA3 /* GSDesignSystem.framework */; };
		7E65A9862ACEECC000C9BEA3 /* GSDesignSystem.framework in Embed Frameworks */ = {isa = PBXBuildFile; fileRef = 7E65A97F2ACEECC000C9BEA3 /* GSDesignSystem.framework */; settings = {ATTRIBUTES = (CodeSignOnCopy, RemoveHeadersOnCopy, ); }; };
/* End PBXBuildFile section */

/* Begin PBXContainerItemProxy section */
		7E65A96F2ACEEB7600C9BEA3 /* PBXContainerItemProxy */ = {
			isa = PBXContainerItemProxy;
			containerPortal = 7E65A9432ACEEA3200C9BEA3 /* Project object */;
			proxyType = 1;
			remoteGlobalIDString = 7E65A96A2ACEEB7600C9BEA3;
			remoteInfo = GitSpace_Utilities;
		};
		7E65A9832ACEECC000C9BEA3 /* PBXContainerItemProxy */ = {
			isa = PBXContainerItemProxy;
			containerPortal = 7E65A9432ACEEA3200C9BEA3 /* Project object */;
			proxyType = 1;
			remoteGlobalIDString = 7E65A97E2ACEECC000C9BEA3;
			remoteInfo = GSDesignSystem;
		};
/* End PBXContainerItemProxy section */

/* Begin PBXCopyFilesBuildPhase section */
		7E65A9762ACEEB7600C9BEA3 /* Embed Frameworks */ = {
			isa = PBXCopyFilesBuildPhase;
			buildActionMask = 2147483647;
			dstPath = "";
			dstSubfolderSpec = 10;
			files = (
				7E65A9722ACEEB7600C9BEA3 /* GSUtilities.framework in Embed Frameworks */,
				7E65A9862ACEECC000C9BEA3 /* GSDesignSystem.framework in Embed Frameworks */,
			);
			name = "Embed Frameworks";
			runOnlyForDeploymentPostprocessing = 0;
		};
/* End PBXCopyFilesBuildPhase section */

/* Begin PBXFileReference section */
		22CDB98E2AD7C9F400F22ADA /* GSText.swift */ = {isa = PBXFileReference; lastKnownFileType = sourcecode.swift; path = GSText.swift; sourceTree = "<group>"; };
		681C742C2AE1611200651D3E /* .swiftlint.yml */ = {isa = PBXFileReference; lastKnownFileType = text.yaml; path = .swiftlint.yml; sourceTree = "<group>"; };
		6E1559592ACEFFCA003972BD /* GSButton.swift */ = {isa = PBXFileReference; lastKnownFileType = sourcecode.swift; path = GSButton.swift; sourceTree = "<group>"; };
		6E2AAEA32B5106BE00CBEAC7 /* GSModel.swift */ = {isa = PBXFileReference; lastKnownFileType = sourcecode.swift; path = GSModel.swift; sourceTree = "<group>"; };
		6E61F9322AD81A48001C7FF3 /* GSCanvas.swift */ = {isa = PBXFileReference; fileEncoding = 4; lastKnownFileType = sourcecode.swift; path = GSCanvas.swift; sourceTree = "<group>"; };
		6E61F9342AD81CC6001C7FF3 /* Color+.swift */ = {isa = PBXFileReference; lastKnownFileType = sourcecode.swift; path = "Color+.swift"; sourceTree = "<group>"; };
		6E652F442AD821B1008F8151 /* Constant.swift */ = {isa = PBXFileReference; lastKnownFileType = sourcecode.swift; path = Constant.swift; sourceTree = "<group>"; };
		6EF1F4872B57CE4500CD247D /* UserInfo.swift */ = {isa = PBXFileReference; fileEncoding = 4; lastKnownFileType = sourcecode.swift; path = UserInfo.swift; sourceTree = "<group>"; };
		6EF1F4882B57CE4500CD247D /* Report.swift */ = {isa = PBXFileReference; fileEncoding = 4; lastKnownFileType = sourcecode.swift; path = Report.swift; sourceTree = "<group>"; };
		6EF1F4892B57CE4500CD247D /* Message.swift */ = {isa = PBXFileReference; fileEncoding = 4; lastKnownFileType = sourcecode.swift; path = Message.swift; sourceTree = "<group>"; };
		6EF1F48A2B57CE4500CD247D /* Chat.swift */ = {isa = PBXFileReference; fileEncoding = 4; lastKnownFileType = sourcecode.swift; path = Chat.swift; sourceTree = "<group>"; };
		6EF1F48B2B57CE4500CD247D /* Repository.swift */ = {isa = PBXFileReference; fileEncoding = 4; lastKnownFileType = sourcecode.swift; path = Repository.swift; sourceTree = "<group>"; };
		6EF1F48D2B57CE4600CD247D /* Knock.swift */ = {isa = PBXFileReference; fileEncoding = 4; lastKnownFileType = sourcecode.swift; path = Knock.swift; sourceTree = "<group>"; };
		6EF1F48E2B57CE4600CD247D /* Tag.swift */ = {isa = PBXFileReference; fileEncoding = 4; lastKnownFileType = sourcecode.swift; path = Tag.swift; sourceTree = "<group>"; };
		6EF1F49E2B57D0CD00CD247D /* FollowingResponse.swift */ = {isa = PBXFileReference; fileEncoding = 4; lastKnownFileType = sourcecode.swift; path = FollowingResponse.swift; sourceTree = "<group>"; };
		6EF1F49F2B57D0CD00CD247D /* Event.swift */ = {isa = PBXFileReference; fileEncoding = 4; lastKnownFileType = sourcecode.swift; path = Event.swift; sourceTree = "<group>"; };
		6EF1F4A02B57D0CD00CD247D /* ContributorProfile.swift */ = {isa = PBXFileReference; fileEncoding = 4; lastKnownFileType = sourcecode.swift; path = ContributorProfile.swift; sourceTree = "<group>"; };
		6EF1F4A12B57D0CD00CD247D /* GithubUser.swift */ = {isa = PBXFileReference; fileEncoding = 4; lastKnownFileType = sourcecode.swift; path = GithubUser.swift; sourceTree = "<group>"; };
		6EF1F4A22B57D0CD00CD247D /* Owner.swift */ = {isa = PBXFileReference; fileEncoding = 4; lastKnownFileType = sourcecode.swift; path = Owner.swift; sourceTree = "<group>"; };
		6EF1F4A32B57D0CD00CD247D /* FollowerResponse.swift */ = {isa = PBXFileReference; fileEncoding = 4; lastKnownFileType = sourcecode.swift; path = FollowerResponse.swift; sourceTree = "<group>"; };
		6EF1F4A42B57D0CD00CD247D /* UserResponse.swift */ = {isa = PBXFileReference; fileEncoding = 4; lastKnownFileType = sourcecode.swift; path = UserResponse.swift; sourceTree = "<group>"; };
		6EF1F4A52B57D0CD00CD247D /* AppInfo.swift */ = {isa = PBXFileReference; fileEncoding = 4; lastKnownFileType = sourcecode.swift; path = AppInfo.swift; sourceTree = "<group>"; };
		6EF1F4A62B57D0CD00CD247D /* RepositoryResponse.swift */ = {isa = PBXFileReference; fileEncoding = 4; lastKnownFileType = sourcecode.swift; path = RepositoryResponse.swift; sourceTree = "<group>"; };
		6EF1F4B12B57D34D00CD247D /* FirestoreSchema.swift */ = {isa = PBXFileReference; lastKnownFileType = sourcecode.swift; path = FirestoreSchema.swift; sourceTree = "<group>"; };
		6EF1F4B32B57D42A00CD247D /* FirestoreFieldProtocol.swift */ = {isa = PBXFileReference; lastKnownFileType = sourcecode.swift; path = FirestoreFieldProtocol.swift; sourceTree = "<group>"; };
		6EF1F4B52B57D46700CD247D /* FirestoreCollection.swift */ = {isa = PBXFileReference; lastKnownFileType = sourcecode.swift; path = FirestoreCollection.swift; sourceTree = "<group>"; };
		6EF1F4B72B57D8A500CD247D /* FirestoreField.swift */ = {isa = PBXFileReference; lastKnownFileType = sourcecode.swift; path = FirestoreField.swift; sourceTree = "<group>"; };
		6EF1F4B92B57EA7F00CD247D /* FirestoreService.swift */ = {isa = PBXFileReference; lastKnownFileType = sourcecode.swift; path = FirestoreService.swift; sourceTree = "<group>"; };
		6EF1F4BB2B57EACB00CD247D /* FirestoreQueryOperation.swift */ = {isa = PBXFileReference; lastKnownFileType = sourcecode.swift; path = FirestoreQueryOperation.swift; sourceTree = "<group>"; };
		6EF1F4BD2B57EC4600CD247D /* FirestoreError.swift */ = {isa = PBXFileReference; lastKnownFileType = sourcecode.swift; path = FirestoreError.swift; sourceTree = "<group>"; };
		6EF1F4C32B57F00A00CD247D /* LiveFirestoreService.swift */ = {isa = PBXFileReference; lastKnownFileType = sourcecode.swift; path = LiveFirestoreService.swift; sourceTree = "<group>"; };
		6EF1F4C62B57F0DD00CD247D /* GSModelError.swift */ = {isa = PBXFileReference; lastKnownFileType = sourcecode.swift; path = GSModelError.swift; sourceTree = "<group>"; };
		6EF1F4C92B57F12C00CD247D /* GSError.swift */ = {isa = PBXFileReference; lastKnownFileType = sourcecode.swift; path = GSError.swift; sourceTree = "<group>"; };
		7E65A94B2ACEEA3200C9BEA3 /* GitSpace.app */ = {isa = PBXFileReference; explicitFileType = wrapper.application; includeInIndex = 0; path = GitSpace.app; sourceTree = BUILT_PRODUCTS_DIR; };
		7E65A94E2ACEEA3200C9BEA3 /* GitSpaceApp.swift */ = {isa = PBXFileReference; lastKnownFileType = sourcecode.swift; path = GitSpaceApp.swift; sourceTree = "<group>"; };
		7E65A9502ACEEA3200C9BEA3 /* ContentView.swift */ = {isa = PBXFileReference; lastKnownFileType = sourcecode.swift; path = ContentView.swift; sourceTree = "<group>"; };
		7E65A9522ACEEA3300C9BEA3 /* Assets.xcassets */ = {isa = PBXFileReference; lastKnownFileType = folder.assetcatalog; path = Assets.xcassets; sourceTree = "<group>"; };
		7E65A9552ACEEA3300C9BEA3 /* Preview Assets.xcassets */ = {isa = PBXFileReference; lastKnownFileType = folder.assetcatalog; path = "Preview Assets.xcassets"; sourceTree = "<group>"; };
		7E65A96B2ACEEB7600C9BEA3 /* GSUtilities.framework */ = {isa = PBXFileReference; explicitFileType = wrapper.framework; includeInIndex = 0; path = GSUtilities.framework; sourceTree = BUILT_PRODUCTS_DIR; };
		7E65A96D2ACEEB7600C9BEA3 /* GitSpace_Utilities.h */ = {isa = PBXFileReference; lastKnownFileType = sourcecode.c.h; path = GitSpace_Utilities.h; sourceTree = "<group>"; };
		7E65A9782ACEEBBF00C9BEA3 /* String+.swift */ = {isa = PBXFileReference; lastKnownFileType = sourcecode.swift; path = "String+.swift"; sourceTree = "<group>"; };
		7E65A97F2ACEECC000C9BEA3 /* GSDesignSystem.framework */ = {isa = PBXFileReference; explicitFileType = wrapper.framework; includeInIndex = 0; path = GSDesignSystem.framework; sourceTree = BUILT_PRODUCTS_DIR; };
		7E65A9812ACEECC000C9BEA3 /* GSDesignSystem.h */ = {isa = PBXFileReference; lastKnownFileType = sourcecode.c.h; path = GSDesignSystem.h; sourceTree = "<group>"; };
/* End PBXFileReference section */

/* Begin PBXFrameworksBuildPhase section */
		7E65A9482ACEEA3200C9BEA3 /* Frameworks */ = {
			isa = PBXFrameworksBuildPhase;
			buildActionMask = 2147483647;
			files = (
				6E7E3BF92AD35A7700152EAE /* FirebaseMessaging in Frameworks */,
				6E7E3BF72AD35A7700152EAE /* FirebaseFirestoreSwift in Frameworks */,
				7E65A9852ACEECC000C9BEA3 /* GSDesignSystem.framework in Frameworks */,
				6E7E3BF52AD35A7700152EAE /* FirebaseFirestore in Frameworks */,
				7E65A95E2ACEEA5E00C9BEA3 /* ComposableArchitecture in Frameworks */,
				7E65A9712ACEEB7600C9BEA3 /* GSUtilities.framework in Frameworks */,
			);
			runOnlyForDeploymentPostprocessing = 0;
		};
		7E65A9682ACEEB7600C9BEA3 /* Frameworks */ = {
			isa = PBXFrameworksBuildPhase;
			buildActionMask = 2147483647;
			files = (
				6EF1F4992B57CF0100CD247D /* FirebaseFirestore in Frameworks */,
				6EF1F49B2B57CF0100CD247D /* FirebaseFirestoreSwift in Frameworks */,
			);
			runOnlyForDeploymentPostprocessing = 0;
		};
		7E65A97C2ACEECC000C9BEA3 /* Frameworks */ = {
			isa = PBXFrameworksBuildPhase;
			buildActionMask = 2147483647;
			files = (
				6EF1F4C02B57ED0D00CD247D /* FirebaseFirestore in Frameworks */,
				6EF1F4C22B57ED0D00CD247D /* FirebaseFirestoreSwift in Frameworks */,
			);
			runOnlyForDeploymentPostprocessing = 0;
		};
/* End PBXFrameworksBuildPhase section */

/* Begin PBXGroup section */
		6E1E7FEF2B4E5DFD00655B04 /* Network */ = {
			isa = PBXGroup;
			children = (
				6EF97FDC2B4E7764007C7932 /* Firestore */,
			);
			path = Network;
			sourceTree = "<group>";
		};
		6E2AAE9E2B50FEAD00CBEAC7 /* Model */ = {
			isa = PBXGroup;
			children = (
				6EF1F4C52B57F0C500CD247D /* Error */,
				6E2AAE9F2B50FEB800CBEAC7 /* Protocol */,
				6EF1F49D2B57D0BF00CD247D /* Github */,
				6EF1F49C2B57D0BB00CD247D /* Firestore */,
			);
			path = Model;
			sourceTree = "<group>";
		};
		6E2AAE9F2B50FEB800CBEAC7 /* Protocol */ = {
			isa = PBXGroup;
			children = (
				6E2AAEA32B5106BE00CBEAC7 /* GSModel.swift */,
			);
			path = Protocol;
			sourceTree = "<group>";
		};
		6E2AAEA02B50FEC200CBEAC7 /* Error */ = {
			isa = PBXGroup;
			children = (
				6EF1F4BD2B57EC4600CD247D /* FirestoreError.swift */,
			);
			path = Error;
			sourceTree = "<group>";
		};
		6E2AAEA12B50FEDD00CBEAC7 /* Enumeration */ = {
			isa = PBXGroup;
			children = (
				6EF1F4B52B57D46700CD247D /* FirestoreCollection.swift */,
				6EF1F4B72B57D8A500CD247D /* FirestoreField.swift */,
				6EF1F4BB2B57EACB00CD247D /* FirestoreQueryOperation.swift */,
			);
			path = Enumeration;
			sourceTree = "<group>";
		};
		6E2AAEA22B50FEEA00CBEAC7 /* implementation */ = {
			isa = PBXGroup;
			children = (
				6EF1F4C32B57F00A00CD247D /* LiveFirestoreService.swift */,
			);
			path = implementation;
			sourceTree = "<group>";
		};
		6E652F432AD8218C008F8151 /* Constant */ = {
			isa = PBXGroup;
			children = (
				6E652F442AD821B1008F8151 /* Constant.swift */,
			);
			path = Constant;
			sourceTree = "<group>";
		};
		6EF1F4972B57CF0100CD247D /* Frameworks */ = {
			isa = PBXGroup;
			children = (
			);
			name = Frameworks;
			sourceTree = "<group>";
		};
		6EF1F49C2B57D0BB00CD247D /* Firestore */ = {
			isa = PBXGroup;
			children = (
				6EF1F48A2B57CE4500CD247D /* Chat.swift */,
				6EF1F48D2B57CE4600CD247D /* Knock.swift */,
				6EF1F4892B57CE4500CD247D /* Message.swift */,
				6EF1F4882B57CE4500CD247D /* Report.swift */,
				6EF1F48E2B57CE4600CD247D /* Tag.swift */,
				6EF1F4872B57CE4500CD247D /* UserInfo.swift */,
			);
			path = Firestore;
			sourceTree = "<group>";
		};
		6EF1F49D2B57D0BF00CD247D /* Github */ = {
			isa = PBXGroup;
			children = (
				6EF1F48B2B57CE4500CD247D /* Repository.swift */,
				6EF1F4A52B57D0CD00CD247D /* AppInfo.swift */,
				6EF1F4A02B57D0CD00CD247D /* ContributorProfile.swift */,
				6EF1F49F2B57D0CD00CD247D /* Event.swift */,
				6EF1F4A32B57D0CD00CD247D /* FollowerResponse.swift */,
				6EF1F49E2B57D0CD00CD247D /* FollowingResponse.swift */,
				6EF1F4A12B57D0CD00CD247D /* GithubUser.swift */,
				6EF1F4A22B57D0CD00CD247D /* Owner.swift */,
				6EF1F4A62B57D0CD00CD247D /* RepositoryResponse.swift */,
				6EF1F4A42B57D0CD00CD247D /* UserResponse.swift */,
			);
			path = Github;
			sourceTree = "<group>";
		};
		6EF1F4B02B57D32200CD247D /* Protocol */ = {
			isa = PBXGroup;
			children = (
				6EF1F4B12B57D34D00CD247D /* FirestoreSchema.swift */,
				6EF1F4B32B57D42A00CD247D /* FirestoreFieldProtocol.swift */,
				6EF1F4B92B57EA7F00CD247D /* FirestoreService.swift */,
			);
			path = Protocol;
			sourceTree = "<group>";
		};
		6EF1F4C52B57F0C500CD247D /* Error */ = {
			isa = PBXGroup;
			children = (
				6EF1F4C62B57F0DD00CD247D /* GSModelError.swift */,
			);
			path = Error;
			sourceTree = "<group>";
		};
		6EF1F4C82B57F12000CD247D /* UndecidedFile */ = {
			isa = PBXGroup;
			children = (
				6EF1F4C92B57F12C00CD247D /* GSError.swift */,
			);
			path = UndecidedFile;
			sourceTree = "<group>";
		};
		6EF97FDC2B4E7764007C7932 /* Firestore */ = {
			isa = PBXGroup;
			children = (
				6EF97FDD2B4E7777007C7932 /* Auth */,
				6EF97FDE2B4E777D007C7932 /* Firestore */,
			);
			path = Firestore;
			sourceTree = "<group>";
		};
		6EF97FDD2B4E7777007C7932 /* Auth */ = {
			isa = PBXGroup;
			children = (
			);
			path = Auth;
			sourceTree = "<group>";
		};
		6EF97FDE2B4E777D007C7932 /* Firestore */ = {
			isa = PBXGroup;
			children = (
				6EF1F4B02B57D32200CD247D /* Protocol */,
				6E2AAEA12B50FEDD00CBEAC7 /* Enumeration */,
				6E2AAEA02B50FEC200CBEAC7 /* Error */,
				6E2AAEA22B50FEEA00CBEAC7 /* implementation */,
			);
			path = Firestore;
			sourceTree = "<group>";
		};
		7E65A9422ACEEA3200C9BEA3 = {
			isa = PBXGroup;
			children = (
				681C742C2AE1611200651D3E /* .swiftlint.yml */,
				7E65A94D2ACEEA3200C9BEA3 /* GitSpace */,
				7E65A9802ACEECC000C9BEA3 /* GSDesignSystem */,
				7E65A96C2ACEEB7600C9BEA3 /* GSUtilities */,
				7E65A94C2ACEEA3200C9BEA3 /* Products */,
				6EF1F4972B57CF0100CD247D /* Frameworks */,
			);
			sourceTree = "<group>";
		};
		7E65A94C2ACEEA3200C9BEA3 /* Products */ = {
			isa = PBXGroup;
			children = (
				7E65A94B2ACEEA3200C9BEA3 /* GitSpace.app */,
				7E65A96B2ACEEB7600C9BEA3 /* GSUtilities.framework */,
				7E65A97F2ACEECC000C9BEA3 /* GSDesignSystem.framework */,
			);
			name = Products;
			sourceTree = "<group>";
		};
		7E65A94D2ACEEA3200C9BEA3 /* GitSpace */ = {
			isa = PBXGroup;
			children = (
				7E65A94E2ACEEA3200C9BEA3 /* GitSpaceApp.swift */,
				7E65A9502ACEEA3200C9BEA3 /* ContentView.swift */,
				7E65A9522ACEEA3300C9BEA3 /* Assets.xcassets */,
				7E65A9542ACEEA3300C9BEA3 /* Preview Content */,
			);
			path = GitSpace;
			sourceTree = "<group>";
		};
		7E65A9542ACEEA3300C9BEA3 /* Preview Content */ = {
			isa = PBXGroup;
			children = (
				7E65A9552ACEEA3300C9BEA3 /* Preview Assets.xcassets */,
			);
			path = "Preview Content";
			sourceTree = "<group>";
		};
		7E65A96C2ACEEB7600C9BEA3 /* GSUtilities */ = {
			isa = PBXGroup;
			children = (
				7E65A96D2ACEEB7600C9BEA3 /* GitSpace_Utilities.h */,
				6EF1F4C82B57F12000CD247D /* UndecidedFile */,
				6E652F432AD8218C008F8151 /* Constant */,
				7E65A9772ACEEB9900C9BEA3 /* Extensions */,
				6E2AAE9E2B50FEAD00CBEAC7 /* Model */,
				6E1E7FEF2B4E5DFD00655B04 /* Network */,
			);
			path = GSUtilities;
			sourceTree = "<group>";
		};
		7E65A9772ACEEB9900C9BEA3 /* Extensions */ = {
			isa = PBXGroup;
			children = (
				7E65A9782ACEEBBF00C9BEA3 /* String+.swift */,
				6E61F9342AD81CC6001C7FF3 /* Color+.swift */,
			);
			path = Extensions;
			sourceTree = "<group>";
		};
		7E65A9802ACEECC000C9BEA3 /* GSDesignSystem */ = {
			isa = PBXGroup;
			children = (
				7E65A9812ACEECC000C9BEA3 /* GSDesignSystem.h */,
				22CDB98E2AD7C9F400F22ADA /* GSText.swift */,
				6E1559592ACEFFCA003972BD /* GSButton.swift */,
				6E61F9322AD81A48001C7FF3 /* GSCanvas.swift */,
			);
			path = GSDesignSystem;
			sourceTree = "<group>";
		};
/* End PBXGroup section */

/* Begin PBXHeadersBuildPhase section */
		7E65A9662ACEEB7600C9BEA3 /* Headers */ = {
			isa = PBXHeadersBuildPhase;
			buildActionMask = 2147483647;
			files = (
				7E65A96E2ACEEB7600C9BEA3 /* GitSpace_Utilities.h in Headers */,
			);
			runOnlyForDeploymentPostprocessing = 0;
		};
		7E65A97A2ACEECC000C9BEA3 /* Headers */ = {
			isa = PBXHeadersBuildPhase;
			buildActionMask = 2147483647;
			files = (
				7E65A9822ACEECC000C9BEA3 /* GSDesignSystem.h in Headers */,
			);
			runOnlyForDeploymentPostprocessing = 0;
		};
/* End PBXHeadersBuildPhase section */

/* Begin PBXNativeTarget section */
		7E65A94A2ACEEA3200C9BEA3 /* GitSpace */ = {
			isa = PBXNativeTarget;
			buildConfigurationList = 7E65A9592ACEEA3300C9BEA3 /* Build configuration list for PBXNativeTarget "GitSpace" */;
			buildPhases = (
				7E65A9472ACEEA3200C9BEA3 /* Sources */,
				7E65A9482ACEEA3200C9BEA3 /* Frameworks */,
				7E65A9492ACEEA3200C9BEA3 /* Resources */,
				7E65A9762ACEEB7600C9BEA3 /* Embed Frameworks */,
				681C742B2AE1605A00651D3E /* SwiftLint */,
			);
			buildRules = (
			);
			dependencies = (
				7E65A9702ACEEB7600C9BEA3 /* PBXTargetDependency */,
				7E65A9842ACEECC000C9BEA3 /* PBXTargetDependency */,
			);
			name = GitSpace;
			packageProductDependencies = (
				7E65A95D2ACEEA5E00C9BEA3 /* ComposableArchitecture */,
				6E7E3BF42AD35A7700152EAE /* FirebaseFirestore */,
				6E7E3BF62AD35A7700152EAE /* FirebaseFirestoreSwift */,
				6E7E3BF82AD35A7700152EAE /* FirebaseMessaging */,
			);
			productName = GitSpace;
			productReference = 7E65A94B2ACEEA3200C9BEA3 /* GitSpace.app */;
			productType = "com.apple.product-type.application";
		};
		7E65A96A2ACEEB7600C9BEA3 /* GSUtilities */ = {
			isa = PBXNativeTarget;
			buildConfigurationList = 7E65A9732ACEEB7600C9BEA3 /* Build configuration list for PBXNativeTarget "GSUtilities" */;
			buildPhases = (
				7E65A9662ACEEB7600C9BEA3 /* Headers */,
				7E65A9672ACEEB7600C9BEA3 /* Sources */,
				7E65A9682ACEEB7600C9BEA3 /* Frameworks */,
				7E65A9692ACEEB7600C9BEA3 /* Resources */,
			);
			buildRules = (
			);
			dependencies = (
			);
			name = GSUtilities;
			packageProductDependencies = (
				6EF1F4982B57CF0100CD247D /* FirebaseFirestore */,
				6EF1F49A2B57CF0100CD247D /* FirebaseFirestoreSwift */,
			);
			productName = GitSpace_Utilities;
			productReference = 7E65A96B2ACEEB7600C9BEA3 /* GSUtilities.framework */;
			productType = "com.apple.product-type.framework";
		};
		7E65A97E2ACEECC000C9BEA3 /* GSDesignSystem */ = {
			isa = PBXNativeTarget;
			buildConfigurationList = 7E65A9872ACEECC000C9BEA3 /* Build configuration list for PBXNativeTarget "GSDesignSystem" */;
			buildPhases = (
				7E65A97A2ACEECC000C9BEA3 /* Headers */,
				7E65A97B2ACEECC000C9BEA3 /* Sources */,
				7E65A97C2ACEECC000C9BEA3 /* Frameworks */,
				7E65A97D2ACEECC000C9BEA3 /* Resources */,
			);
			buildRules = (
			);
			dependencies = (
			);
			name = GSDesignSystem;
			packageProductDependencies = (
				6EF1F4BF2B57ED0D00CD247D /* FirebaseFirestore */,
				6EF1F4C12B57ED0D00CD247D /* FirebaseFirestoreSwift */,
			);
			productName = GSDesignSystem;
			productReference = 7E65A97F2ACEECC000C9BEA3 /* GSDesignSystem.framework */;
			productType = "com.apple.product-type.framework";
		};
/* End PBXNativeTarget section */

/* Begin PBXProject section */
		7E65A9432ACEEA3200C9BEA3 /* Project object */ = {
			isa = PBXProject;
			attributes = {
				BuildIndependentTargetsInParallel = 1;
				LastSwiftUpdateCheck = 1420;
				LastUpgradeCheck = 1500;
				TargetAttributes = {
					7E65A94A2ACEEA3200C9BEA3 = {
						CreatedOnToolsVersion = 14.2;
					};
					7E65A96A2ACEEB7600C9BEA3 = {
						CreatedOnToolsVersion = 14.2;
						LastSwiftMigration = 1420;
					};
					7E65A97E2ACEECC000C9BEA3 = {
						CreatedOnToolsVersion = 14.2;
						LastSwiftMigration = 1500;
					};
				};
			};
			buildConfigurationList = 7E65A9462ACEEA3200C9BEA3 /* Build configuration list for PBXProject "GitSpace" */;
			compatibilityVersion = "Xcode 14.0";
			developmentRegion = en;
			hasScannedForEncodings = 0;
			knownRegions = (
				en,
				Base,
			);
			mainGroup = 7E65A9422ACEEA3200C9BEA3;
			packageReferences = (
				7E65A95C2ACEEA5E00C9BEA3 /* XCRemoteSwiftPackageReference "swift-composable-architecture" */,
				6E7E3BF32AD35A7700152EAE /* XCRemoteSwiftPackageReference "firebase-ios-sdk" */,
			);
			productRefGroup = 7E65A94C2ACEEA3200C9BEA3 /* Products */;
			projectDirPath = "";
			projectRoot = "";
			targets = (
				7E65A94A2ACEEA3200C9BEA3 /* GitSpace */,
				7E65A97E2ACEECC000C9BEA3 /* GSDesignSystem */,
				7E65A96A2ACEEB7600C9BEA3 /* GSUtilities */,
			);
		};
/* End PBXProject section */

/* Begin PBXResourcesBuildPhase section */
		7E65A9492ACEEA3200C9BEA3 /* Resources */ = {
			isa = PBXResourcesBuildPhase;
			buildActionMask = 2147483647;
			files = (
				681C742D2AE1611200651D3E /* .swiftlint.yml in Resources */,
				7E65A9562ACEEA3300C9BEA3 /* Preview Assets.xcassets in Resources */,
				7E65A9532ACEEA3300C9BEA3 /* Assets.xcassets in Resources */,
			);
			runOnlyForDeploymentPostprocessing = 0;
		};
		7E65A9692ACEEB7600C9BEA3 /* Resources */ = {
			isa = PBXResourcesBuildPhase;
			buildActionMask = 2147483647;
			files = (
			);
			runOnlyForDeploymentPostprocessing = 0;
		};
		7E65A97D2ACEECC000C9BEA3 /* Resources */ = {
			isa = PBXResourcesBuildPhase;
			buildActionMask = 2147483647;
			files = (
			);
			runOnlyForDeploymentPostprocessing = 0;
		};
/* End PBXResourcesBuildPhase section */

/* Begin PBXShellScriptBuildPhase section */
		681C742B2AE1605A00651D3E /* SwiftLint */ = {
			isa = PBXShellScriptBuildPhase;
			alwaysOutOfDate = 1;
			buildActionMask = 2147483647;
			files = (
			);
			inputFileListPaths = (
			);
			inputPaths = (
			);
			name = SwiftLint;
			outputFileListPaths = (
			);
			outputPaths = (
			);
			runOnlyForDeploymentPostprocessing = 0;
			shellPath = /bin/sh;
			shellScript = "export PATH=\"$PATH:/opt/homebrew/bin\"\nif which swiftlint >/dev/null; then\n    swiftlint\nelse \n    echo \"[warning] SwiftLint not installed, download using `brew install swiftlint`\"\nfi\n";
		};
/* End PBXShellScriptBuildPhase section */

/* Begin PBXSourcesBuildPhase section */
		7E65A9472ACEEA3200C9BEA3 /* Sources */ = {
			isa = PBXSourcesBuildPhase;
			buildActionMask = 2147483647;
			files = (
				7E65A9512ACEEA3200C9BEA3 /* ContentView.swift in Sources */,
				7E65A94F2ACEEA3200C9BEA3 /* GitSpaceApp.swift in Sources */,
			);
			runOnlyForDeploymentPostprocessing = 0;
		};
		7E65A9672ACEEB7600C9BEA3 /* Sources */ = {
			isa = PBXSourcesBuildPhase;
			buildActionMask = 2147483647;
			files = (
				6EF1F4962B57CE4600CD247D /* Tag.swift in Sources */,
				6EF1F4BA2B57EA7F00CD247D /* FirestoreService.swift in Sources */,
				6EF1F4AB2B57D0CD00CD247D /* Owner.swift in Sources */,
				6EF1F4AC2B57D0CD00CD247D /* FollowerResponse.swift in Sources */,
				6EF1F4CA2B57F12C00CD247D /* GSError.swift in Sources */,
				6EF1F4AE2B57D0CD00CD247D /* AppInfo.swift in Sources */,
				6EF1F4C72B57F0DD00CD247D /* GSModelError.swift in Sources */,
				7E65A9792ACEEBBF00C9BEA3 /* String+.swift in Sources */,
				6EF1F4A72B57D0CD00CD247D /* FollowingResponse.swift in Sources */,
				6EF1F4B82B57D8A500CD247D /* FirestoreField.swift in Sources */,
				6EF1F4B42B57D42A00CD247D /* FirestoreFieldProtocol.swift in Sources */,
				6EF1F4B22B57D34D00CD247D /* FirestoreSchema.swift in Sources */,
				6E61F9352AD81CC6001C7FF3 /* Color+.swift in Sources */,
				6E652F452AD821B1008F8151 /* Constant.swift in Sources */,
				6EF1F4BC2B57EACB00CD247D /* FirestoreQueryOperation.swift in Sources */,
				6EF1F4C42B57F00A00CD247D /* LiveFirestoreService.swift in Sources */,
				6EF1F48F2B57CE4600CD247D /* UserInfo.swift in Sources */,
				6EF1F4952B57CE4600CD247D /* Knock.swift in Sources */,
				6EF1F4AF2B57D0CD00CD247D /* RepositoryResponse.swift in Sources */,
				6E2AAEA42B5106BE00CBEAC7 /* GSModel.swift in Sources */,
				6EF1F4BE2B57EC4600CD247D /* FirestoreError.swift in Sources */,
				6EF1F4922B57CE4600CD247D /* Chat.swift in Sources */,
				6EF1F4902B57CE4600CD247D /* Report.swift in Sources */,
				6EF1F4912B57CE4600CD247D /* Message.swift in Sources */,
				6EF1F4932B57CE4600CD247D /* Repository.swift in Sources */,
				6EF1F4B62B57D46700CD247D /* FirestoreCollection.swift in Sources */,
				6EF1F4A82B57D0CD00CD247D /* Event.swift in Sources */,
				6EF1F4AA2B57D0CD00CD247D /* GithubUser.swift in Sources */,
				6EF1F4A92B57D0CD00CD247D /* ContributorProfile.swift in Sources */,
				6EF1F4AD2B57D0CD00CD247D /* UserResponse.swift in Sources */,
			);
			runOnlyForDeploymentPostprocessing = 0;
		};
		7E65A97B2ACEECC000C9BEA3 /* Sources */ = {
			isa = PBXSourcesBuildPhase;
			buildActionMask = 2147483647;
			files = (
				22CDB98F2AD7C9F400F22ADA /* GSText.swift in Sources */,
				6E15595A2ACEFFCA003972BD /* GSButton.swift in Sources */,
				6E61F9332AD81A48001C7FF3 /* GSCanvas.swift in Sources */,
			);
			runOnlyForDeploymentPostprocessing = 0;
		};
/* End PBXSourcesBuildPhase section */

/* Begin PBXTargetDependency section */
		7E65A9702ACEEB7600C9BEA3 /* PBXTargetDependency */ = {
			isa = PBXTargetDependency;
			target = 7E65A96A2ACEEB7600C9BEA3 /* GSUtilities */;
			targetProxy = 7E65A96F2ACEEB7600C9BEA3 /* PBXContainerItemProxy */;
		};
		7E65A9842ACEECC000C9BEA3 /* PBXTargetDependency */ = {
			isa = PBXTargetDependency;
			target = 7E65A97E2ACEECC000C9BEA3 /* GSDesignSystem */;
			targetProxy = 7E65A9832ACEECC000C9BEA3 /* PBXContainerItemProxy */;
		};
/* End PBXTargetDependency section */

/* Begin XCBuildConfiguration section */
		7E65A9572ACEEA3300C9BEA3 /* Debug */ = {
			isa = XCBuildConfiguration;
			buildSettings = {
				ALWAYS_SEARCH_USER_PATHS = NO;
				ASSETCATALOG_COMPILER_GENERATE_SWIFT_ASSET_SYMBOL_EXTENSIONS = YES;
				CLANG_ANALYZER_NONNULL = YES;
				CLANG_ANALYZER_NUMBER_OBJECT_CONVERSION = YES_AGGRESSIVE;
				CLANG_CXX_LANGUAGE_STANDARD = "gnu++20";
				CLANG_ENABLE_MODULES = YES;
				CLANG_ENABLE_OBJC_ARC = YES;
				CLANG_ENABLE_OBJC_WEAK = YES;
				CLANG_WARN_BLOCK_CAPTURE_AUTORELEASING = YES;
				CLANG_WARN_BOOL_CONVERSION = YES;
				CLANG_WARN_COMMA = YES;
				CLANG_WARN_CONSTANT_CONVERSION = YES;
				CLANG_WARN_DEPRECATED_OBJC_IMPLEMENTATIONS = YES;
				CLANG_WARN_DIRECT_OBJC_ISA_USAGE = YES_ERROR;
				CLANG_WARN_DOCUMENTATION_COMMENTS = YES;
				CLANG_WARN_EMPTY_BODY = YES;
				CLANG_WARN_ENUM_CONVERSION = YES;
				CLANG_WARN_INFINITE_RECURSION = YES;
				CLANG_WARN_INT_CONVERSION = YES;
				CLANG_WARN_NON_LITERAL_NULL_CONVERSION = YES;
				CLANG_WARN_OBJC_IMPLICIT_RETAIN_SELF = YES;
				CLANG_WARN_OBJC_LITERAL_CONVERSION = YES;
				CLANG_WARN_OBJC_ROOT_CLASS = YES_ERROR;
				CLANG_WARN_QUOTED_INCLUDE_IN_FRAMEWORK_HEADER = YES;
				CLANG_WARN_RANGE_LOOP_ANALYSIS = YES;
				CLANG_WARN_STRICT_PROTOTYPES = YES;
				CLANG_WARN_SUSPICIOUS_MOVE = YES;
				CLANG_WARN_UNGUARDED_AVAILABILITY = YES_AGGRESSIVE;
				CLANG_WARN_UNREACHABLE_CODE = YES;
				CLANG_WARN__DUPLICATE_METHOD_MATCH = YES;
				COPY_PHASE_STRIP = NO;
				DEBUG_INFORMATION_FORMAT = dwarf;
				ENABLE_STRICT_OBJC_MSGSEND = YES;
				ENABLE_TESTABILITY = YES;
				ENABLE_USER_SCRIPT_SANDBOXING = NO;
				GCC_C_LANGUAGE_STANDARD = gnu11;
				GCC_DYNAMIC_NO_PIC = NO;
				GCC_NO_COMMON_BLOCKS = YES;
				GCC_OPTIMIZATION_LEVEL = 0;
				GCC_PREPROCESSOR_DEFINITIONS = (
					"DEBUG=1",
					"$(inherited)",
				);
				GCC_WARN_64_TO_32_BIT_CONVERSION = YES;
				GCC_WARN_ABOUT_RETURN_TYPE = YES_ERROR;
				GCC_WARN_UNDECLARED_SELECTOR = YES;
				GCC_WARN_UNINITIALIZED_AUTOS = YES_AGGRESSIVE;
				GCC_WARN_UNUSED_FUNCTION = YES;
				GCC_WARN_UNUSED_VARIABLE = YES;
				IPHONEOS_DEPLOYMENT_TARGET = 16.0;
				MTL_ENABLE_DEBUG_INFO = INCLUDE_SOURCE;
				MTL_FAST_MATH = YES;
				ONLY_ACTIVE_ARCH = YES;
				OTHER_LDFLAGS = (
					"-Xlinker",
					"-no_warn_duplicate_libraries",
				);
				SDKROOT = iphoneos;
				SWIFT_ACTIVE_COMPILATION_CONDITIONS = DEBUG;
				SWIFT_OPTIMIZATION_LEVEL = "-Onone";
			};
			name = Debug;
		};
		7E65A9582ACEEA3300C9BEA3 /* Release */ = {
			isa = XCBuildConfiguration;
			buildSettings = {
				ALWAYS_SEARCH_USER_PATHS = NO;
				ASSETCATALOG_COMPILER_GENERATE_SWIFT_ASSET_SYMBOL_EXTENSIONS = YES;
				CLANG_ANALYZER_NONNULL = YES;
				CLANG_ANALYZER_NUMBER_OBJECT_CONVERSION = YES_AGGRESSIVE;
				CLANG_CXX_LANGUAGE_STANDARD = "gnu++20";
				CLANG_ENABLE_MODULES = YES;
				CLANG_ENABLE_OBJC_ARC = YES;
				CLANG_ENABLE_OBJC_WEAK = YES;
				CLANG_WARN_BLOCK_CAPTURE_AUTORELEASING = YES;
				CLANG_WARN_BOOL_CONVERSION = YES;
				CLANG_WARN_COMMA = YES;
				CLANG_WARN_CONSTANT_CONVERSION = YES;
				CLANG_WARN_DEPRECATED_OBJC_IMPLEMENTATIONS = YES;
				CLANG_WARN_DIRECT_OBJC_ISA_USAGE = YES_ERROR;
				CLANG_WARN_DOCUMENTATION_COMMENTS = YES;
				CLANG_WARN_EMPTY_BODY = YES;
				CLANG_WARN_ENUM_CONVERSION = YES;
				CLANG_WARN_INFINITE_RECURSION = YES;
				CLANG_WARN_INT_CONVERSION = YES;
				CLANG_WARN_NON_LITERAL_NULL_CONVERSION = YES;
				CLANG_WARN_OBJC_IMPLICIT_RETAIN_SELF = YES;
				CLANG_WARN_OBJC_LITERAL_CONVERSION = YES;
				CLANG_WARN_OBJC_ROOT_CLASS = YES_ERROR;
				CLANG_WARN_QUOTED_INCLUDE_IN_FRAMEWORK_HEADER = YES;
				CLANG_WARN_RANGE_LOOP_ANALYSIS = YES;
				CLANG_WARN_STRICT_PROTOTYPES = YES;
				CLANG_WARN_SUSPICIOUS_MOVE = YES;
				CLANG_WARN_UNGUARDED_AVAILABILITY = YES_AGGRESSIVE;
				CLANG_WARN_UNREACHABLE_CODE = YES;
				CLANG_WARN__DUPLICATE_METHOD_MATCH = YES;
				COPY_PHASE_STRIP = NO;
				DEBUG_INFORMATION_FORMAT = "dwarf-with-dsym";
				ENABLE_NS_ASSERTIONS = NO;
				ENABLE_STRICT_OBJC_MSGSEND = YES;
				ENABLE_USER_SCRIPT_SANDBOXING = NO;
				GCC_C_LANGUAGE_STANDARD = gnu11;
				GCC_NO_COMMON_BLOCKS = YES;
				GCC_WARN_64_TO_32_BIT_CONVERSION = YES;
				GCC_WARN_ABOUT_RETURN_TYPE = YES_ERROR;
				GCC_WARN_UNDECLARED_SELECTOR = YES;
				GCC_WARN_UNINITIALIZED_AUTOS = YES_AGGRESSIVE;
				GCC_WARN_UNUSED_FUNCTION = YES;
				GCC_WARN_UNUSED_VARIABLE = YES;
				IPHONEOS_DEPLOYMENT_TARGET = 16.0;
				MTL_ENABLE_DEBUG_INFO = NO;
				MTL_FAST_MATH = YES;
				SDKROOT = iphoneos;
				SWIFT_COMPILATION_MODE = wholemodule;
				SWIFT_OPTIMIZATION_LEVEL = "-O";
				VALIDATE_PRODUCT = YES;
			};
			name = Release;
		};
		7E65A95A2ACEEA3300C9BEA3 /* Debug */ = {
			isa = XCBuildConfiguration;
			buildSettings = {
				ALWAYS_EMBED_SWIFT_STANDARD_LIBRARIES = YES;
				ASSETCATALOG_COMPILER_APPICON_NAME = AppIcon;
				ASSETCATALOG_COMPILER_GLOBAL_ACCENT_COLOR_NAME = AccentColor;
				CODE_SIGN_STYLE = Automatic;
				CURRENT_PROJECT_VERSION = 1;
				DEVELOPMENT_ASSET_PATHS = "\"GitSpace/Preview Content\"";
				DEVELOPMENT_TEAM = 67M6ZS7KS6;
				ENABLE_PREVIEWS = YES;
				GENERATE_INFOPLIST_FILE = YES;
				INFOPLIST_KEY_UIApplicationSceneManifest_Generation = YES;
				INFOPLIST_KEY_UIApplicationSupportsIndirectInputEvents = YES;
				INFOPLIST_KEY_UILaunchScreen_Generation = YES;
				INFOPLIST_KEY_UISupportedInterfaceOrientations_iPad = "UIInterfaceOrientationPortrait UIInterfaceOrientationPortraitUpsideDown UIInterfaceOrientationLandscapeLeft UIInterfaceOrientationLandscapeRight";
				INFOPLIST_KEY_UISupportedInterfaceOrientations_iPhone = "UIInterfaceOrientationPortrait UIInterfaceOrientationLandscapeLeft UIInterfaceOrientationLandscapeRight";
				LD_RUNPATH_SEARCH_PATHS = (
					"$(inherited)",
					"@executable_path/Frameworks",
				);
				MARKETING_VERSION = 1.0;
				PRODUCT_BUNDLE_IDENTIFIER = com.Celan.GitSpace;
				PRODUCT_NAME = "$(TARGET_NAME)";
				SWIFT_EMIT_LOC_STRINGS = YES;
				SWIFT_VERSION = 5.0;
				TARGETED_DEVICE_FAMILY = "1,2";
			};
			name = Debug;
		};
		7E65A95B2ACEEA3300C9BEA3 /* Release */ = {
			isa = XCBuildConfiguration;
			buildSettings = {
				ALWAYS_EMBED_SWIFT_STANDARD_LIBRARIES = YES;
				ASSETCATALOG_COMPILER_APPICON_NAME = AppIcon;
				ASSETCATALOG_COMPILER_GLOBAL_ACCENT_COLOR_NAME = AccentColor;
				CODE_SIGN_STYLE = Automatic;
				CURRENT_PROJECT_VERSION = 1;
				DEVELOPMENT_ASSET_PATHS = "\"GitSpace/Preview Content\"";
				DEVELOPMENT_TEAM = 67M6ZS7KS6;
				ENABLE_PREVIEWS = YES;
				GENERATE_INFOPLIST_FILE = YES;
				INFOPLIST_KEY_UIApplicationSceneManifest_Generation = YES;
				INFOPLIST_KEY_UIApplicationSupportsIndirectInputEvents = YES;
				INFOPLIST_KEY_UILaunchScreen_Generation = YES;
				INFOPLIST_KEY_UISupportedInterfaceOrientations_iPad = "UIInterfaceOrientationPortrait UIInterfaceOrientationPortraitUpsideDown UIInterfaceOrientationLandscapeLeft UIInterfaceOrientationLandscapeRight";
				INFOPLIST_KEY_UISupportedInterfaceOrientations_iPhone = "UIInterfaceOrientationPortrait UIInterfaceOrientationLandscapeLeft UIInterfaceOrientationLandscapeRight";
				LD_RUNPATH_SEARCH_PATHS = (
					"$(inherited)",
					"@executable_path/Frameworks",
				);
				MARKETING_VERSION = 1.0;
				PRODUCT_BUNDLE_IDENTIFIER = com.Celan.GitSpace;
				PRODUCT_NAME = "$(TARGET_NAME)";
				SWIFT_EMIT_LOC_STRINGS = YES;
				SWIFT_VERSION = 5.0;
				TARGETED_DEVICE_FAMILY = "1,2";
			};
			name = Release;
		};
		7E65A9742ACEEB7600C9BEA3 /* Debug */ = {
			isa = XCBuildConfiguration;
			buildSettings = {
				CLANG_ENABLE_MODULES = YES;
				CODE_SIGN_IDENTITY = "";
				CODE_SIGN_STYLE = Automatic;
				CURRENT_PROJECT_VERSION = 1;
				DEFINES_MODULE = YES;
				DEVELOPMENT_TEAM = 67M6ZS7KS6;
				DYLIB_COMPATIBILITY_VERSION = 1;
				DYLIB_CURRENT_VERSION = 1;
				DYLIB_INSTALL_NAME_BASE = "@rpath";
				ENABLE_MODULE_VERIFIER = YES;
				GENERATE_INFOPLIST_FILE = YES;
				INFOPLIST_KEY_NSHumanReadableCopyright = "";
				INSTALL_PATH = "$(LOCAL_LIBRARY_DIR)/Frameworks";
				LD_RUNPATH_SEARCH_PATHS = (
					"$(inherited)",
					"@executable_path/Frameworks",
					"@loader_path/Frameworks",
				);
				MARKETING_VERSION = 1.0;
				MODULE_VERIFIER_SUPPORTED_LANGUAGES = "objective-c objective-c++";
				MODULE_VERIFIER_SUPPORTED_LANGUAGE_STANDARDS = "gnu11 gnu++20";
				PRODUCT_BUNDLE_IDENTIFIER = "com.Celan.GitSpace-Utilities";
				PRODUCT_NAME = "$(TARGET_NAME:c99extidentifier)";
				SKIP_INSTALL = YES;
				SWIFT_EMIT_LOC_STRINGS = YES;
				SWIFT_OPTIMIZATION_LEVEL = "-Onone";
				SWIFT_VERSION = 5.0;
				TARGETED_DEVICE_FAMILY = "1,2";
				VERSIONING_SYSTEM = "apple-generic";
				VERSION_INFO_PREFIX = "";
			};
			name = Debug;
		};
		7E65A9752ACEEB7600C9BEA3 /* Release */ = {
			isa = XCBuildConfiguration;
			buildSettings = {
				CLANG_ENABLE_MODULES = YES;
				CODE_SIGN_IDENTITY = "";
				CODE_SIGN_STYLE = Automatic;
				CURRENT_PROJECT_VERSION = 1;
				DEFINES_MODULE = YES;
				DEVELOPMENT_TEAM = 67M6ZS7KS6;
				DYLIB_COMPATIBILITY_VERSION = 1;
				DYLIB_CURRENT_VERSION = 1;
				DYLIB_INSTALL_NAME_BASE = "@rpath";
				ENABLE_MODULE_VERIFIER = YES;
				GENERATE_INFOPLIST_FILE = YES;
				INFOPLIST_KEY_NSHumanReadableCopyright = "";
				INSTALL_PATH = "$(LOCAL_LIBRARY_DIR)/Frameworks";
				LD_RUNPATH_SEARCH_PATHS = (
					"$(inherited)",
					"@executable_path/Frameworks",
					"@loader_path/Frameworks",
				);
				MARKETING_VERSION = 1.0;
				MODULE_VERIFIER_SUPPORTED_LANGUAGES = "objective-c objective-c++";
				MODULE_VERIFIER_SUPPORTED_LANGUAGE_STANDARDS = "gnu11 gnu++20";
				PRODUCT_BUNDLE_IDENTIFIER = "com.Celan.GitSpace-Utilities";
				PRODUCT_NAME = "$(TARGET_NAME:c99extidentifier)";
				SKIP_INSTALL = YES;
				SWIFT_EMIT_LOC_STRINGS = YES;
				SWIFT_VERSION = 5.0;
				TARGETED_DEVICE_FAMILY = "1,2";
				VERSIONING_SYSTEM = "apple-generic";
				VERSION_INFO_PREFIX = "";
			};
			name = Release;
		};
		7E65A9882ACEECC000C9BEA3 /* Debug */ = {
			isa = XCBuildConfiguration;
			buildSettings = {
				CLANG_ENABLE_MODULES = YES;
				CODE_SIGN_IDENTITY = "";
				CODE_SIGN_STYLE = Automatic;
				CURRENT_PROJECT_VERSION = 1;
				DEFINES_MODULE = YES;
				DEVELOPMENT_TEAM = 67M6ZS7KS6;
				DYLIB_COMPATIBILITY_VERSION = 1;
				DYLIB_CURRENT_VERSION = 1;
				DYLIB_INSTALL_NAME_BASE = "@rpath";
				ENABLE_MODULE_VERIFIER = YES;
				GENERATE_INFOPLIST_FILE = YES;
				INFOPLIST_KEY_NSHumanReadableCopyright = "";
				INSTALL_PATH = "$(LOCAL_LIBRARY_DIR)/Frameworks";
				LD_RUNPATH_SEARCH_PATHS = (
					"$(inherited)",
					"@executable_path/Frameworks",
					"@loader_path/Frameworks",
				);
				MARKETING_VERSION = 1.0;
				MODULE_VERIFIER_SUPPORTED_LANGUAGES = "objective-c objective-c++";
				MODULE_VERIFIER_SUPPORTED_LANGUAGE_STANDARDS = "gnu11 gnu++20";
				PRODUCT_BUNDLE_IDENTIFIER = com.Celan.GSDesignSystem;
				PRODUCT_NAME = "$(TARGET_NAME:c99extidentifier)";
				SKIP_INSTALL = YES;
				SWIFT_EMIT_LOC_STRINGS = YES;
				SWIFT_OPTIMIZATION_LEVEL = "-Onone";
				SWIFT_VERSION = 5.0;
				TARGETED_DEVICE_FAMILY = "1,2";
				VERSIONING_SYSTEM = "apple-generic";
				VERSION_INFO_PREFIX = "";
			};
			name = Debug;
		};
		7E65A9892ACEECC000C9BEA3 /* Release */ = {
			isa = XCBuildConfiguration;
			buildSettings = {
				CLANG_ENABLE_MODULES = YES;
				CODE_SIGN_IDENTITY = "";
				CODE_SIGN_STYLE = Automatic;
				CURRENT_PROJECT_VERSION = 1;
				DEFINES_MODULE = YES;
				DEVELOPMENT_TEAM = 67M6ZS7KS6;
				DYLIB_COMPATIBILITY_VERSION = 1;
				DYLIB_CURRENT_VERSION = 1;
				DYLIB_INSTALL_NAME_BASE = "@rpath";
				ENABLE_MODULE_VERIFIER = YES;
				GENERATE_INFOPLIST_FILE = YES;
				INFOPLIST_KEY_NSHumanReadableCopyright = "";
				INSTALL_PATH = "$(LOCAL_LIBRARY_DIR)/Frameworks";
				LD_RUNPATH_SEARCH_PATHS = (
					"$(inherited)",
					"@executable_path/Frameworks",
					"@loader_path/Frameworks",
				);
				MARKETING_VERSION = 1.0;
				MODULE_VERIFIER_SUPPORTED_LANGUAGES = "objective-c objective-c++";
				MODULE_VERIFIER_SUPPORTED_LANGUAGE_STANDARDS = "gnu11 gnu++20";
				PRODUCT_BUNDLE_IDENTIFIER = com.Celan.GSDesignSystem;
				PRODUCT_NAME = "$(TARGET_NAME:c99extidentifier)";
				SKIP_INSTALL = YES;
				SWIFT_EMIT_LOC_STRINGS = YES;
				SWIFT_VERSION = 5.0;
				TARGETED_DEVICE_FAMILY = "1,2";
				VERSIONING_SYSTEM = "apple-generic";
				VERSION_INFO_PREFIX = "";
			};
			name = Release;
		};
/* End XCBuildConfiguration section */

/* Begin XCConfigurationList section */
		7E65A9462ACEEA3200C9BEA3 /* Build configuration list for PBXProject "GitSpace" */ = {
			isa = XCConfigurationList;
			buildConfigurations = (
				7E65A9572ACEEA3300C9BEA3 /* Debug */,
				7E65A9582ACEEA3300C9BEA3 /* Release */,
			);
			defaultConfigurationIsVisible = 0;
			defaultConfigurationName = Release;
		};
		7E65A9592ACEEA3300C9BEA3 /* Build configuration list for PBXNativeTarget "GitSpace" */ = {
			isa = XCConfigurationList;
			buildConfigurations = (
				7E65A95A2ACEEA3300C9BEA3 /* Debug */,
				7E65A95B2ACEEA3300C9BEA3 /* Release */,
			);
			defaultConfigurationIsVisible = 0;
			defaultConfigurationName = Release;
		};
		7E65A9732ACEEB7600C9BEA3 /* Build configuration list for PBXNativeTarget "GSUtilities" */ = {
			isa = XCConfigurationList;
			buildConfigurations = (
				7E65A9742ACEEB7600C9BEA3 /* Debug */,
				7E65A9752ACEEB7600C9BEA3 /* Release */,
			);
			defaultConfigurationIsVisible = 0;
			defaultConfigurationName = Release;
		};
		7E65A9872ACEECC000C9BEA3 /* Build configuration list for PBXNativeTarget "GSDesignSystem" */ = {
			isa = XCConfigurationList;
			buildConfigurations = (
				7E65A9882ACEECC000C9BEA3 /* Debug */,
				7E65A9892ACEECC000C9BEA3 /* Release */,
			);
			defaultConfigurationIsVisible = 0;
			defaultConfigurationName = Release;
		};
/* End XCConfigurationList section */

/* Begin XCRemoteSwiftPackageReference section */
		6E7E3BF32AD35A7700152EAE /* XCRemoteSwiftPackageReference "firebase-ios-sdk" */ = {
			isa = XCRemoteSwiftPackageReference;
			repositoryURL = "https://github.com/firebase/firebase-ios-sdk.git";
			requirement = {
				kind = upToNextMajorVersion;
				minimumVersion = 10.16.0;
			};
		};
		7E65A95C2ACEEA5E00C9BEA3 /* XCRemoteSwiftPackageReference "swift-composable-architecture" */ = {
			isa = XCRemoteSwiftPackageReference;
			repositoryURL = "https://github.com/pointfreeco/swift-composable-architecture/";
			requirement = {
				kind = upToNextMajorVersion;
				minimumVersion = 1.0.0;
			};
		};
/* End XCRemoteSwiftPackageReference section */

/* Begin XCSwiftPackageProductDependency section */
		6E7E3BF42AD35A7700152EAE /* FirebaseFirestore */ = {
			isa = XCSwiftPackageProductDependency;
			package = 6E7E3BF32AD35A7700152EAE /* XCRemoteSwiftPackageReference "firebase-ios-sdk" */;
			productName = FirebaseFirestore;
		};
		6E7E3BF62AD35A7700152EAE /* FirebaseFirestoreSwift */ = {
			isa = XCSwiftPackageProductDependency;
			package = 6E7E3BF32AD35A7700152EAE /* XCRemoteSwiftPackageReference "firebase-ios-sdk" */;
			productName = FirebaseFirestoreSwift;
		};
		6E7E3BF82AD35A7700152EAE /* FirebaseMessaging */ = {
			isa = XCSwiftPackageProductDependency;
			package = 6E7E3BF32AD35A7700152EAE /* XCRemoteSwiftPackageReference "firebase-ios-sdk" */;
			productName = FirebaseMessaging;
		};
		6EF1F4982B57CF0100CD247D /* FirebaseFirestore */ = {
			isa = XCSwiftPackageProductDependency;
			package = 6E7E3BF32AD35A7700152EAE /* XCRemoteSwiftPackageReference "firebase-ios-sdk" */;
			productName = FirebaseFirestore;
		};
		6EF1F49A2B57CF0100CD247D /* FirebaseFirestoreSwift */ = {
			isa = XCSwiftPackageProductDependency;
			package = 6E7E3BF32AD35A7700152EAE /* XCRemoteSwiftPackageReference "firebase-ios-sdk" */;
			productName = FirebaseFirestoreSwift;
		};
		6EF1F4BF2B57ED0D00CD247D /* FirebaseFirestore */ = {
			isa = XCSwiftPackageProductDependency;
			package = 6E7E3BF32AD35A7700152EAE /* XCRemoteSwiftPackageReference "firebase-ios-sdk" */;
			productName = FirebaseFirestore;
		};
		6EF1F4C12B57ED0D00CD247D /* FirebaseFirestoreSwift */ = {
			isa = XCSwiftPackageProductDependency;
			package = 6E7E3BF32AD35A7700152EAE /* XCRemoteSwiftPackageReference "firebase-ios-sdk" */;
			productName = FirebaseFirestoreSwift;
		};
		7E65A95D2ACEEA5E00C9BEA3 /* ComposableArchitecture */ = {
			isa = XCSwiftPackageProductDependency;
			package = 7E65A95C2ACEEA5E00C9BEA3 /* XCRemoteSwiftPackageReference "swift-composable-architecture" */;
			productName = ComposableArchitecture;
		};
/* End XCSwiftPackageProductDependency section */
	};
	rootObject = 7E65A9432ACEEA3200C9BEA3 /* Project object */;
}
